<?xml version="1.0" encoding="utf-8"?>
<Project ToolsVersion="4.0" xmlns="http://schemas.microsoft.com/developer/msbuild/2003">
  <ItemGroup>
    <Filter Include="소스 파일">
      <UniqueIdentifier>{4FC737F1-C7A5-4376-A066-2A32D752A2FF}</UniqueIdentifier>
      <Extensions>cpp;c;cc;cxx;c++;cppm;ixx;def;odl;idl;hpj;bat;asm;asmx</Extensions>
    </Filter>
    <Filter Include="헤더 파일">
      <UniqueIdentifier>{93995380-89BD-4b04-88EB-625FBE52EBFB}</UniqueIdentifier>
      <Extensions>h;hh;hpp;hxx;h++;hm;inl;inc;ipp;xsd</Extensions>
    </Filter>
    <Filter Include="리소스 파일">
      <UniqueIdentifier>{67DA6AB6-F800-4c08-8B7A-83BB121AAD01}</UniqueIdentifier>
      <Extensions>rc;ico;cur;bmp;dlg;rc2;rct;bin;rgs;gif;jpg;jpeg;jpe;resx;tiff;tif;png;wav;mfcribbon-ms</Extensions>
    </Filter>
  </ItemGroup>
  <ItemGroup>
    <ClCompile Include="boj_start.cpp">
      <Filter>소스 파일</Filter>
    </ClCompile>
    <ClCompile Include="boj2557.cpp">
      <Filter>소스 파일</Filter>
    </ClCompile>
    <ClCompile Include="boj10718.cpp">
      <Filter>소스 파일</Filter>
    </ClCompile>
    <ClCompile Include="boj10171.cpp">
      <Filter>소스 파일</Filter>
    </ClCompile>
    <ClCompile Include="boj10172.cpp">
      <Filter>소스 파일</Filter>
    </ClCompile>
    <ClCompile Include="boj1000.cpp">
      <Filter>소스 파일</Filter>
    </ClCompile>
    <ClCompile Include="boj1001.cpp">
      <Filter>소스 파일</Filter>
    </ClCompile>
    <ClCompile Include="boj11098.cpp">
      <Filter>소스 파일</Filter>
    </ClCompile>
    <ClCompile Include="boj2440.cpp">
      <Filter>소스 파일</Filter>
    </ClCompile>
    <ClCompile Include="boj2441.cpp">
      <Filter>소스 파일</Filter>
    </ClCompile>
    <ClCompile Include="boj2438.cpp">
      <Filter>소스 파일</Filter>
    </ClCompile>
    <ClCompile Include="boj2439.cpp">
      <Filter>소스 파일</Filter>
    </ClCompile>
    <ClCompile Include="boj5565.cpp">
      <Filter>소스 파일</Filter>
    </ClCompile>
    <ClCompile Include="boj10797.cpp">
      <Filter>소스 파일</Filter>
    </ClCompile>
    <ClCompile Include="boj9085.cpp">
      <Filter>소스 파일</Filter>
    </ClCompile>
    <ClCompile Include="boj2442.cpp">
      <Filter>소스 파일</Filter>
    </ClCompile>
    <ClCompile Include="boj2443.cpp">
      <Filter>소스 파일</Filter>
    </ClCompile>
    <ClCompile Include="boj2444.cpp">
      <Filter>소스 파일</Filter>
    </ClCompile>
    <ClCompile Include="boj2445.cpp">
      <Filter>소스 파일</Filter>
    </ClCompile>
    <ClCompile Include="boj2446.cpp">
      <Filter>소스 파일</Filter>
    </ClCompile>
    <ClCompile Include="boj2490.cpp">
      <Filter>소스 파일</Filter>
    </ClCompile>
    <ClCompile Include="boj10569.cpp">
      <Filter>소스 파일</Filter>
    </ClCompile>
    <ClCompile Include="boj4101.cpp">
      <Filter>소스 파일</Filter>
    </ClCompile>
    <ClCompile Include="boj1026.cpp">
      <Filter>소스 파일</Filter>
    </ClCompile>
    <ClCompile Include="boj2693.cpp">
      <Filter>소스 파일</Filter>
    </ClCompile>
    <ClCompile Include="boj2750.cpp">
      <Filter>소스 파일</Filter>
    </ClCompile>
    <ClCompile Include="boj11718.cpp">
      <Filter>소스 파일</Filter>
    </ClCompile>
    <ClCompile Include="boj2501.cpp">
      <Filter>소스 파일</Filter>
    </ClCompile>
    <ClCompile Include="boj2506.cpp">
      <Filter>소스 파일</Filter>
    </ClCompile>
    <ClCompile Include="boj1292.cpp">
      <Filter>소스 파일</Filter>
    </ClCompile>
    <ClCompile Include="boj1009.cpp">
      <Filter>소스 파일</Filter>
    </ClCompile>
    <ClCompile Include="boj10178.cpp">
      <Filter>소스 파일</Filter>
    </ClCompile>
    <ClCompile Include="boj9325.cpp">
      <Filter>소스 파일</Filter>
    </ClCompile>
    <ClCompile Include="boj9295.cpp">
      <Filter>소스 파일</Filter>
    </ClCompile>
    <ClCompile Include="boj1427.cpp">
      <Filter>소스 파일</Filter>
    </ClCompile>
    <ClCompile Include="boj2576.cpp">
      <Filter>소스 파일</Filter>
    </ClCompile>
    <ClCompile Include="boj2751.cpp">
      <Filter>소스 파일</Filter>
    </ClCompile>
    <ClCompile Include="boj1037.cpp">
      <Filter>소스 파일</Filter>
    </ClCompile>
    <ClCompile Include="boj10773.cpp">
      <Filter>소스 파일</Filter>
    </ClCompile>
    <ClCompile Include="boj5800.cpp">
      <Filter>소스 파일</Filter>
    </ClCompile>
    <ClCompile Include="boj10926.cpp">
      <Filter>소스 파일</Filter>
    </ClCompile>
    <ClCompile Include="boj2455.cpp">
      <Filter>소스 파일</Filter>
    </ClCompile>
    <ClCompile Include="boj11047.cpp">
      <Filter>소스 파일</Filter>
    </ClCompile>
    <ClCompile Include="boj10828.cpp">
      <Filter>소스 파일</Filter>
    </ClCompile>
    <ClCompile Include="boj10845.cpp">
      <Filter>소스 파일</Filter>
    </ClCompile>
    <ClCompile Include="boj2579.cpp">
      <Filter>소스 파일</Filter>
    </ClCompile>
    <ClCompile Include="boj1459.cpp">
      <Filter>소스 파일</Filter>
    </ClCompile>
    <ClCompile Include="boj2609.cpp">
      <Filter>소스 파일</Filter>
    </ClCompile>
    <ClCompile Include="boj11719.cpp">
      <Filter>소스 파일</Filter>
    </ClCompile>
    <ClCompile Include="boj2578푸는중.cpp">
      <Filter>소스 파일</Filter>
    </ClCompile>
    <ClCompile Include="boj1436.cpp">
      <Filter>소스 파일</Filter>
    </ClCompile>
  </ItemGroup>
</Project>